
Microsoft Visual Studio Solution File, Format Version 12.00
# Visual Studio 15
Project("{FAE04EC0-301F-11D3-BF4B-00C04F79EFBC}") = "StepHeight", "StepHeight.csproj", "{B1AAFE25-F5D0-4ABA-9430-D0B91A7BC7A7}"
EndProject
Global
	GlobalSection(SolutionConfigurationPlatforms) = preSolution
		Debug|anycpu = Debug|anycpu
		Release|anycpu = Release|anycpu
	EndGlobalSection
	GlobalSection(ProjectConfigurationPlatforms) = postSolution
		{B1AAFE25-F5D0-4ABA-9430-D0B91A7BC7A7}.Debug|anycpu.ActiveCfg = Debug|anycpu
		{B1AAFE25-F5D0-4ABA-9430-D0B91A7BC7A7}.Debug|anycpu.Build.0 = Debug|anycpu
		{B1AAFE25-F5D0-4ABA-9430-D0B91A7BC7A7}.Release|anycpu.ActiveCfg = Release|anycpu
		{B1AAFE25-F5D0-4ABA-9430-D0B91A7BC7A7}.Release|anycpu.Build.0 = Release|anycpu
	EndGlobalSection
EndGlobal
