Microsoft Visual Studio Solution File, Format Version 12.00
# Visual Studio Version 16
VisualStudioVersion = 16.0.29509.3
MinimumVisualStudioVersion = 10.0.40219.1
Project("{FAE04EC0-301F-11D3-BF4B-00C04F79EFBC}") = "StepHeight", "StepHeight.csproj", "{B1AAFE25-F5D0-4ABA-9430-D0B91A7BC7A7}"
EndProject
Global
	GlobalSection(SolutionConfigurationPlatforms) = preSolution
		Debug|anycpu = Debug|anycpu
		Release|anycpu = Release|anycpu
	EndGlobalSection
	GlobalSection(ProjectConfigurationPlatforms) = postSolution
		{B1AAFE25-F5D0-4ABA-9430-D0B91A7BC7A7}.Debug|anycpu.ActiveCfg = Debug|Any CPU
		{B1AAFE25-F5D0-4ABA-9430-D0B91A7BC7A7}.Debug|anycpu.Build.0 = Debug|Any CPU
		{B1AAFE25-F5D0-4ABA-9430-D0B91A7BC7A7}.Release|anycpu.ActiveCfg = Release|anycpu
		{B1AAFE25-F5D0-4ABA-9430-D0B91A7BC7A7}.Release|anycpu.Build.0 = Release|anycpu
	EndGlobalSection
	GlobalSection(SolutionProperties) = preSolution
		HideSolutionNode = FALSE
	EndGlobalSection
	GlobalSection(ExtensibilityGlobals) = postSolution
		SolutionGuid = {18928BF5-F400-4957-AE2F-4FCA20863C12}
	EndGlobalSection
EndGlobal
